{
  "version": 4,
  "terraform_version": "1.4.0",
  "serial": 256,
  "lineage": "b0c7bbe7-acd7-9cd9-3316-5242eb9e8dc7",
  "outputs": {},
  "resources": [
    {
      "module": "module.RDS_mysql",
      "mode": "data",
      "type": "aws_subnets",
      "name": "private",
      "provider": "provider[\"registry.terraform.io/hashicorp/aws\"]",
      "instances": [
        {
          "schema_version": 0,
          "attributes": {
            "filter": [
              {
                "name": "vpc-id",
                "values": [
                  "vpc-078e3f3ec4049385c"
                ]
              }
            ],
            "id": "us-east-1",
            "ids": [
              "subnet-0a0722ed42056efa6"
            ],
            "tags": {
              "Name": "Private Subnet*"
            },
            "timeouts": null
          },
          "sensitive_attributes": []
        }
      ]
    },
    {
      "module": "module.RDS_mysql",
      "mode": "managed",
      "type": "aws_db_instance",
      "name": "lamp_dev_db",
      "provider": "provider[\"registry.terraform.io/hashicorp/aws\"]",
      "instances": [
        {
          "schema_version": 1,
          "attributes": {
            "address": "terraform-20230403111439364100000001.cr4giwvp5931.us-east-1.rds.amazonaws.com",
            "allocated_storage": 20,
            "allow_major_version_upgrade": null,
            "apply_immediately": false,
            "arn": "arn:aws:rds:us-east-1:026670195391:db:terraform-20230403111439364100000001",
            "auto_minor_version_upgrade": true,
            "availability_zone": "us-east-1b",
            "backup_retention_period": 0,
            "backup_window": "03:54-04:24",
            "blue_green_update": [],
            "ca_cert_identifier": "rds-ca-2019",
            "character_set_name": "",
            "copy_tags_to_snapshot": false,
            "custom_iam_instance_profile": "",
            "customer_owned_ip_enabled": false,
            "db_name": "lampdev",
            "db_subnet_group_name": "lamp_dev-db-subnet-group",
            "delete_automated_backups": true,
            "deletion_protection": false,
            "domain": "",
            "domain_iam_role_name": "",
            "enabled_cloudwatch_logs_exports": [],
            "endpoint": "terraform-20230403111439364100000001.cr4giwvp5931.us-east-1.rds.amazonaws.com:3306",
            "engine": "mysql",
            "engine_version": "5.7",
            "engine_version_actual": "5.7.41",
            "final_snapshot_identifier": null,
            "hosted_zone_id": "Z2R2ITUGPM61AM",
            "iam_database_authentication_enabled": false,
            "id": "terraform-20230403111439364100000001",
            "identifier": "terraform-20230403111439364100000001",
            "identifier_prefix": "terraform-",
            "instance_class": "db.t3.micro",
            "iops": 3000,
            "kms_key_id": "",
            "latest_restorable_time": "",
            "license_model": "general-public-license",
            "maintenance_window": "tue:09:35-tue:10:05",
            "max_allocated_storage": 0,
            "monitoring_interval": 0,
            "monitoring_role_arn": "",
            "multi_az": false,
            "name": "lampdev",
            "nchar_character_set_name": "",
            "network_type": "IPV4",
            "option_group_name": "default:mysql-5-7",
            "parameter_group_name": "default.mysql5.7",
            "password": "ne-x*49G",
            "performance_insights_enabled": false,
            "performance_insights_kms_key_id": "",
            "performance_insights_retention_period": 0,
            "port": 3306,
            "publicly_accessible": false,
            "replica_mode": "",
            "replicas": [],
            "replicate_source_db": "",
            "resource_id": "db-2NHRUP73H4P2OARKE2VQZSBFDI",
            "restore_to_point_in_time": [],
            "s3_import": [],
            "security_group_names": [],
            "skip_final_snapshot": false,
            "snapshot_identifier": null,
            "status": "available",
            "storage_encrypted": false,
            "storage_throughput": 125,
            "storage_type": "gp3",
            "tags": {
              "Name": "lamp_dev_db_instance"
            },
            "tags_all": {
              "Name": "lamp_dev_db_instance"
            },
            "timeouts": null,
            "timezone": "",
            "username": "lamp_dev",
            "vpc_security_group_ids": [
              "sg-0cec8deec67f7ebe1"
            ]
          },
          "sensitive_attributes": [
            [
              {
                "type": "get_attr",
                "value": "password"
              }
            ]
          ],
          "private": "eyJlMmJmYjczMC1lY2FhLTExZTYtOGY4OC0zNDM2M2JjN2M0YzAiOnsiY3JlYXRlIjoyNDAwMDAwMDAwMDAwLCJkZWxldGUiOjM2MDAwMDAwMDAwMDAsInVwZGF0ZSI6NDgwMDAwMDAwMDAwMH0sInNjaGVtYV92ZXJzaW9uIjoiMSJ9",
          "dependencies": [
            "module.RDS_mysql.aws_db_subnet_group.lamp_dev_db_sub",
            "module.RDS_mysql.aws_security_group.lamp_dev_db_sg",
            "module.RDS_mysql.data.aws_subnets.private",
            "module.RDS_mysql.random_password.password",
            "module.VPC.aws_vpc.lamp_vpc"
          ]
        }
      ]
    },
    {
      "module": "module.RDS_mysql",
      "mode": "managed",
      "type": "aws_db_subnet_group",
      "name": "lamp_dev_db_sub",
      "provider": "provider[\"registry.terraform.io/hashicorp/aws\"]",
      "instances": [
        {
          "schema_version": 0,
          "attributes": {
            "arn": "arn:aws:rds:us-east-1:026670195391:subgrp:lamp_dev-db-subnet-group",
            "description": "Managed by Terraform",
            "id": "lamp_dev-db-subnet-group",
            "name": "lamp_dev-db-subnet-group",
            "name_prefix": "",
            "subnet_ids": [
              "subnet-0a0722ed42056efa6",
              "subnet-0f7077e9324e1b68f"
            ],
            "supported_network_types": [
              "IPV4"
            ],
            "tags": {},
            "tags_all": {}
          },
          "sensitive_attributes": [],
          "private": "bnVsbA==",
          "dependencies": [
            "module.RDS_mysql.data.aws_subnets.private",
            "module.VPC.aws_vpc.lamp_vpc"
          ]
        }
      ]
    },
    {
      "module": "module.RDS_mysql",
      "mode": "managed",
      "type": "aws_security_group",
      "name": "lamp_dev_db_sg",
      "provider": "provider[\"registry.terraform.io/hashicorp/aws\"]",
      "instances": [
        {
          "schema_version": 1,
          "attributes": {
            "arn": "arn:aws:ec2:us-east-1:026670195391:security-group/sg-0cec8deec67f7ebe1",
            "description": "Managed by Terraform",
            "egress": [],
            "id": "sg-0cec8deec67f7ebe1",
            "ingress": [
              {
                "cidr_blocks": [
                  "0.0.0.0/0"
                ],
                "description": "",
                "from_port": 3306,
                "ipv6_cidr_blocks": [],
                "prefix_list_ids": [],
                "protocol": "tcp",
                "security_groups": [],
                "self": false,
                "to_port": 3306
              }
            ],
            "name": "lamp_dev_db_sg20230403105127833500000001",
            "name_prefix": "lamp_dev_db_sg",
            "owner_id": "026670195391",
            "revoke_rules_on_delete": false,
            "tags": {},
            "tags_all": {},
            "timeouts": null,
            "vpc_id": "vpc-078e3f3ec4049385c"
          },
          "sensitive_attributes": [],
          "private": "eyJlMmJmYjczMC1lY2FhLTExZTYtOGY4OC0zNDM2M2JjN2M0YzAiOnsiY3JlYXRlIjo2MDAwMDAwMDAwMDAsImRlbGV0ZSI6OTAwMDAwMDAwMDAwfSwic2NoZW1hX3ZlcnNpb24iOiIxIn0=",
          "dependencies": [
            "module.VPC.aws_vpc.lamp_vpc"
          ]
        }
      ]
    },
    {
      "module": "module.RDS_mysql",
      "mode": "managed",
      "type": "random_password",
      "name": "password",
      "provider": "provider[\"registry.terraform.io/hashicorp/random\"]",
      "instances": [
        {
          "schema_version": 3,
          "attributes": {
            "bcrypt_hash": "$2a$10$juQJwtZZCx0FV4TV.HoEO.uIuGJUXFjPFIJXlBqyuJZk15Xudh6cG",
            "id": "none",
            "keepers": null,
            "length": 8,
            "lower": true,
            "min_lower": 0,
            "min_numeric": 0,
            "min_special": 0,
            "min_upper": 0,
            "number": true,
            "numeric": true,
            "override_special": "!#$%\u0026*()-_=+[]{}\u003c\u003e:?",
            "result": "ne-x*49G",
            "special": true,
            "upper": true
          },
          "sensitive_attributes": []
        }
      ]
    },
    {
      "module": "module.VPC",
      "mode": "managed",
      "type": "aws_vpc",
      "name": "lamp_vpc",
      "provider": "provider[\"registry.terraform.io/hashicorp/aws\"]",
      "instances": [
        {
          "schema_version": 1,
          "attributes": {
            "arn": "arn:aws:ec2:us-east-1:026670195391:vpc/vpc-078e3f3ec4049385c",
            "assign_generated_ipv6_cidr_block": false,
            "cidr_block": "10.1.0.0/16",
            "default_network_acl_id": "acl-0f0fb90c629fa943e",
            "default_route_table_id": "rtb-0ac7e647fe2fb0d7e",
            "default_security_group_id": "sg-0b5b0d8f405712984",
            "dhcp_options_id": "dopt-0019f6dd44a089439",
            "enable_classiclink": false,
            "enable_classiclink_dns_support": false,
            "enable_dns_hostnames": true,
            "enable_dns_support": true,
            "enable_network_address_usage_metrics": false,
            "id": "vpc-078e3f3ec4049385c",
            "instance_tenancy": "default",
            "ipv4_ipam_pool_id": null,
            "ipv4_netmask_length": null,
            "ipv6_association_id": "",
            "ipv6_cidr_block": "",
            "ipv6_cidr_block_network_border_group": "",
            "ipv6_ipam_pool_id": "",
            "ipv6_netmask_length": 0,
            "main_route_table_id": "rtb-0ac7e647fe2fb0d7e",
            "owner_id": "026670195391",
            "tags": {
              "Environment": "dev",
              "Name": "dev-lamp_vpc"
            },
            "tags_all": {
              "Environment": "dev",
              "Name": "dev-lamp_vpc"
            }
          },
          "sensitive_attributes": [],
          "private": "eyJzY2hlbWFfdmVyc2lvbiI6IjEifQ=="
        }
      ]
    }
  ],
  "check_results": null
}
